// !$*UTF8*$!
{
	archiveVersion = 1;
	classes = {
	};
	objectVersion = 46;
	objects = {

/* Begin PBXBuildFile section */
		60F836801D0ABEC100DF9CAD /* AppDelegate.swift in Sources */ = {isa = PBXBuildFile; fileRef = 60F8367F1D0ABEC100DF9CAD /* AppDelegate.swift */; };
		60F836821D0ABEC100DF9CAD /* ViewController.swift in Sources */ = {isa = PBXBuildFile; fileRef = 60F836811D0ABEC100DF9CAD /* ViewController.swift */; };
		60F836851D0ABEC100DF9CAD /* Main.storyboard in Resources */ = {isa = PBXBuildFile; fileRef = 60F836831D0ABEC100DF9CAD /* Main.storyboard */; };
		60F836871D0ABEC100DF9CAD /* Assets.xcassets in Resources */ = {isa = PBXBuildFile; fileRef = 60F836861D0ABEC100DF9CAD /* Assets.xcassets */; };
		60F8368A1D0ABEC100DF9CAD /* LaunchScreen.storyboard in Resources */ = {isa = PBXBuildFile; fileRef = 60F836881D0ABEC100DF9CAD /* LaunchScreen.storyboard */; };
		60F836951D0ABEC100DF9CAD /* ScreenshotDemoTests.swift in Sources */ = {isa = PBXBuildFile; fileRef = 60F836941D0ABEC100DF9CAD /* ScreenshotDemoTests.swift */; };
		60F836A01D0ABEC200DF9CAD /* ScreenshotDemoUITests.swift in Sources */ = {isa = PBXBuildFile; fileRef = 60F8369F1D0ABEC200DF9CAD /* ScreenshotDemoUITests.swift */; };
		60F836AE1D0ABEF700DF9CAD /* MRScreenShot.swift in Sources */ = {isa = PBXBuildFile; fileRef = 60F836AD1D0ABEF700DF9CAD /* MRScreenShot.swift */; };
/* End PBXBuildFile section */

/* Begin PBXContainerItemProxy section */
		60F836911D0ABEC100DF9CAD /* PBXContainerItemProxy */ = {
			isa = PBXContainerItemProxy;
			containerPortal = 60F836741D0ABEC100DF9CAD /* Project object */;
			proxyType = 1;
			remoteGlobalIDString = 60F8367B1D0ABEC100DF9CAD;
			remoteInfo = ScreenshotDemo;
		};
		60F8369C1D0ABEC200DF9CAD /* PBXContainerItemProxy */ = {
			isa = PBXContainerItemProxy;
			containerPortal = 60F836741D0ABEC100DF9CAD /* Project object */;
			proxyType = 1;
			remoteGlobalIDString = 60F8367B1D0ABEC100DF9CAD;
			remoteInfo = ScreenshotDemo;
		};
/* End PBXContainerItemProxy section */

/* Begin PBXFileReference section */
		60F8367C1D0ABEC100DF9CAD /* ScreenshotDemo.app */ = {isa = PBXFileReference; explicitFileType = wrapper.application; includeInIndex = 0; path = ScreenshotDemo.app; sourceTree = BUILT_PRODUCTS_DIR; };
		60F8367F1D0ABEC100DF9CAD /* AppDelegate.swift */ = {isa = PBXFileReference; lastKnownFileType = sourcecode.swift; path = AppDelegate.swift; sourceTree = "<group>"; };
		60F836811D0ABEC100DF9CAD /* ViewController.swift */ = {isa = PBXFileReference; lastKnownFileType = sourcecode.swift; path = ViewController.swift; sourceTree = "<group>"; };
		60F836841D0ABEC100DF9CAD /* Base */ = {isa = PBXFileReference; lastKnownFileType = file.storyboard; name = Base; path = Base.lproj/Main.storyboard; sourceTree = "<group>"; };
		60F836861D0ABEC100DF9CAD /* Assets.xcassets */ = {isa = PBXFileReference; lastKnownFileType = folder.assetcatalog; path = Assets.xcassets; sourceTree = "<group>"; };
		60F836891D0ABEC100DF9CAD /* Base */ = {isa = PBXFileReference; lastKnownFileType = file.storyboard; name = Base; path = Base.lproj/LaunchScreen.storyboard; sourceTree = "<group>"; };
		60F8368B1D0ABEC100DF9CAD /* Info.plist */ = {isa = PBXFileReference; lastKnownFileType = text.plist.xml; path = Info.plist; sourceTree = "<group>"; };
		60F836901D0ABEC100DF9CAD /* ScreenshotDemoTests.xctest */ = {isa = PBXFileReference; explicitFileType = wrapper.cfbundle; includeInIndex = 0; path = ScreenshotDemoTests.xctest; sourceTree = BUILT_PRODUCTS_DIR; };
		60F836941D0ABEC100DF9CAD /* ScreenshotDemoTests.swift */ = {isa = PBXFileReference; lastKnownFileType = sourcecode.swift; path = ScreenshotDemoTests.swift; sourceTree = "<group>"; };
		60F836961D0ABEC100DF9CAD /* Info.plist */ = {isa = PBXFileReference; lastKnownFileType = text.plist.xml; path = Info.plist; sourceTree = "<group>"; };
		60F8369B1D0ABEC200DF9CAD /* ScreenshotDemoUITests.xctest */ = {isa = PBXFileReference; explicitFileType = wrapper.cfbundle; includeInIndex = 0; path = ScreenshotDemoUITests.xctest; sourceTree = BUILT_PRODUCTS_DIR; };
		60F8369F1D0ABEC200DF9CAD /* ScreenshotDemoUITests.swift */ = {isa = PBXFileReference; lastKnownFileType = sourcecode.swift; path = ScreenshotDemoUITests.swift; sourceTree = "<group>"; };
		60F836A11D0ABEC200DF9CAD /* Info.plist */ = {isa = PBXFileReference; lastKnownFileType = text.plist.xml; path = Info.plist; sourceTree = "<group>"; };
		60F836AD1D0ABEF700DF9CAD /* MRScreenShot.swift */ = {isa = PBXFileReference; fileEncoding = 4; lastKnownFileType = sourcecode.swift; path = MRScreenShot.swift; sourceTree = "<group>"; };
/* End PBXFileReference section */

/* Begin PBXFrameworksBuildPhase section */
		60F836791D0ABEC100DF9CAD /* Frameworks */ = {
			isa = PBXFrameworksBuildPhase;
			buildActionMask = 2147483647;
			files = (
			);
			runOnlyForDeploymentPostprocessing = 0;
		};
		60F8368D1D0ABEC100DF9CAD /* Frameworks */ = {
			isa = PBXFrameworksBuildPhase;
			buildActionMask = 2147483647;
			files = (
			);
			runOnlyForDeploymentPostprocessing = 0;
		};
		60F836981D0ABEC100DF9CAD /* Frameworks */ = {
			isa = PBXFrameworksBuildPhase;
			buildActionMask = 2147483647;
			files = (
			);
			runOnlyForDeploymentPostprocessing = 0;
		};
/* End PBXFrameworksBuildPhase section */

/* Begin PBXGroup section */
		60F836731D0ABEC100DF9CAD = {
			isa = PBXGroup;
			children = (
				60F8367E1D0ABEC100DF9CAD /* ScreenshotDemo */,
				60F836931D0ABEC100DF9CAD /* ScreenshotDemoTests */,
				60F8369E1D0ABEC200DF9CAD /* ScreenshotDemoUITests */,
				60F8367D1D0ABEC100DF9CAD /* Products */,
			);
			sourceTree = "<group>";
		};
		60F8367D1D0ABEC100DF9CAD /* Products */ = {
			isa = PBXGroup;
			children = (
				60F8367C1D0ABEC100DF9CAD /* ScreenshotDemo.app */,
				60F836901D0ABEC100DF9CAD /* ScreenshotDemoTests.xctest */,
				60F8369B1D0ABEC200DF9CAD /* ScreenshotDemoUITests.xctest */,
			);
			name = Products;
			sourceTree = "<group>";
		};
		60F8367E1D0ABEC100DF9CAD /* ScreenshotDemo */ = {
			isa = PBXGroup;
			children = (
				60F8367F1D0ABEC100DF9CAD /* AppDelegate.swift */,
				60F836811D0ABEC100DF9CAD /* ViewController.swift */,
				60F836AD1D0ABEF700DF9CAD /* MRScreenShot.swift */,
				60F836831D0ABEC100DF9CAD /* Main.storyboard */,
				60F836861D0ABEC100DF9CAD /* Assets.xcassets */,
				60F836881D0ABEC100DF9CAD /* LaunchScreen.storyboard */,
				60F8368B1D0ABEC100DF9CAD /* Info.plist */,
			);
			path = ScreenshotDemo;
			sourceTree = "<group>";
		};
		60F836931D0ABEC100DF9CAD /* ScreenshotDemoTests */ = {
			isa = PBXGroup;
			children = (
				60F836941D0ABEC100DF9CAD /* ScreenshotDemoTests.swift */,
				60F836961D0ABEC100DF9CAD /* Info.plist */,
			);
			path = ScreenshotDemoTests;
			sourceTree = "<group>";
		};
		60F8369E1D0ABEC200DF9CAD /* ScreenshotDemoUITests */ = {
			isa = PBXGroup;
			children = (
				60F8369F1D0ABEC200DF9CAD /* ScreenshotDemoUITests.swift */,
				60F836A11D0ABEC200DF9CAD /* Info.plist */,
			);
			path = ScreenshotDemoUITests;
			sourceTree = "<group>";
		};
/* End PBXGroup section */

/* Begin PBXNativeTarget section */
		60F8367B1D0ABEC100DF9CAD /* ScreenshotDemo */ = {
			isa = PBXNativeTarget;
			buildConfigurationList = 60F836A41D0ABEC200DF9CAD /* Build configuration list for PBXNativeTarget "ScreenshotDemo" */;
			buildPhases = (
				60F836781D0ABEC100DF9CAD /* Sources */,
				60F836791D0ABEC100DF9CAD /* Frameworks */,
				60F8367A1D0ABEC100DF9CAD /* Resources */,
			);
			buildRules = (
			);
			dependencies = (
			);
			name = ScreenshotDemo;
			productName = ScreenshotDemo;
			productReference = 60F8367C1D0ABEC100DF9CAD /* ScreenshotDemo.app */;
			productType = "com.apple.product-type.application";
		};
		60F8368F1D0ABEC100DF9CAD /* ScreenshotDemoTests */ = {
			isa = PBXNativeTarget;
			buildConfigurationList = 60F836A71D0ABEC200DF9CAD /* Build configuration list for PBXNativeTarget "ScreenshotDemoTests" */;
			buildPhases = (
				60F8368C1D0ABEC100DF9CAD /* Sources */,
				60F8368D1D0ABEC100DF9CAD /* Frameworks */,
				60F8368E1D0ABEC100DF9CAD /* Resources */,
			);
			buildRules = (
			);
			dependencies = (
				60F836921D0ABEC100DF9CAD /* PBXTargetDependency */,
			);
			name = ScreenshotDemoTests;
			productName = ScreenshotDemoTests;
			productReference = 60F836901D0ABEC100DF9CAD /* ScreenshotDemoTests.xctest */;
			productType = "com.apple.product-type.bundle.unit-test";
		};
		60F8369A1D0ABEC100DF9CAD /* ScreenshotDemoUITests */ = {
			isa = PBXNativeTarget;
			buildConfigurationList = 60F836AA1D0ABEC200DF9CAD /* Build configuration list for PBXNativeTarget "ScreenshotDemoUITests" */;
			buildPhases = (
				60F836971D0ABEC100DF9CAD /* Sources */,
				60F836981D0ABEC100DF9CAD /* Frameworks */,
				60F836991D0ABEC100DF9CAD /* Resources */,
			);
			buildRules = (
			);
			dependencies = (
				60F8369D1D0ABEC200DF9CAD /* PBXTargetDependency */,
			);
			name = ScreenshotDemoUITests;
			productName = ScreenshotDemoUITests;
			productReference = 60F8369B1D0ABEC200DF9CAD /* ScreenshotDemoUITests.xctest */;
			productType = "com.apple.product-type.bundle.ui-testing";
		};
/* End PBXNativeTarget section */

/* Begin PBXProject section */
		60F836741D0ABEC100DF9CAD /* Project object */ = {
			isa = PBXProject;
			attributes = {
				LastSwiftUpdateCheck = 0730;
				LastUpgradeCheck = 0730;
				ORGANIZATIONNAME = SinObjectC;
				TargetAttributes = {
					60F8367B1D0ABEC100DF9CAD = {
						CreatedOnToolsVersion = 7.3;
					};
					60F8368F1D0ABEC100DF9CAD = {
						CreatedOnToolsVersion = 7.3;
						TestTargetID = 60F8367B1D0ABEC100DF9CAD;
					};
					60F8369A1D0ABEC100DF9CAD = {
						CreatedOnToolsVersion = 7.3;
						TestTargetID = 60F8367B1D0ABEC100DF9CAD;
					};
				};
			};
			buildConfigurationList = 60F836771D0ABEC100DF9CAD /* Build configuration list for PBXProject "ScreenshotDemo" */;
			compatibilityVersion = "Xcode 3.2";
			developmentRegion = English;
			hasScannedForEncodings = 0;
			knownRegions = (
				en,
				Base,
			);
			mainGroup = 60F836731D0ABEC100DF9CAD;
			productRefGroup = 60F8367D1D0ABEC100DF9CAD /* Products */;
			projectDirPath = "";
			projectRoot = "";
			targets = (
				60F8367B1D0ABEC100DF9CAD /* ScreenshotDemo */,
				60F8368F1D0ABEC100DF9CAD /* ScreenshotDemoTests */,
				60F8369A1D0ABEC100DF9CAD /* ScreenshotDemoUITests */,
			);
		};
/* End PBXProject section */

/* Begin PBXResourcesBuildPhase section */
		60F8367A1D0ABEC100DF9CAD /* Resources */ = {
			isa = PBXResourcesBuildPhase;
			buildActionMask = 2147483647;
			files = (
				60F8368A1D0ABEC100DF9CAD /* LaunchScreen.storyboard in Resources */,
				60F836871D0ABEC100DF9CAD /* Assets.xcassets in Resources */,
				60F836851D0ABEC100DF9CAD /* Main.storyboard in Resources */,
			);
			runOnlyForDeploymentPostprocessing = 0;
		};
		60F8368E1D0ABEC100DF9CAD /* Resources */ = {
			isa = PBXResourcesBuildPhase;
			buildActionMask = 2147483647;
			files = (
			);
			runOnlyForDeploymentPostprocessing = 0;
		};
		60F836991D0ABEC100DF9CAD /* Resources */ = {
			isa = PBXResourcesBuildPhase;
			buildActionMask = 2147483647;
			files = (
			);
			runOnlyForDeploymentPostprocessing = 0;
		};
/* End PBXResourcesBuildPhase section */

/* Begin PBXSourcesBuildPhase section */
		60F836781D0ABEC100DF9CAD /* Sources */ = {
			isa = PBXSourcesBuildPhase;
			buildActionMask = 2147483647;
			files = (
				60F836AE1D0ABEF700DF9CAD /* MRScreenShot.swift in Sources */,
				60F836821D0ABEC100DF9CAD /* ViewController.swift in Sources */,
				60F836801D0ABEC100DF9CAD /* AppDelegate.swift in Sources */,
			);
			runOnlyForDeploymentPostprocessing = 0;
		};
		60F8368C1D0ABEC100DF9CAD /* Sources */ = {
			isa = PBXSourcesBuildPhase;
			buildActionMask = 2147483647;
			files = (
				60F836951D0ABEC100DF9CAD /* ScreenshotDemoTests.swift in Sources */,
			);
			runOnlyForDeploymentPostprocessing = 0;
		};
		60F836971D0ABEC100DF9CAD /* Sources */ = {
			isa = PBXSourcesBuildPhase;
			buildActionMask = 2147483647;
			files = (
				60F836A01D0ABEC200DF9CAD /* ScreenshotDemoUITests.swift in Sources */,
			);
			runOnlyForDeploymentPostprocessing = 0;
		};
/* End PBXSourcesBuildPhase section */

/* Begin PBXTargetDependency section */
		60F836921D0ABEC100DF9CAD /* PBXTargetDependency */ = {
			isa = PBXTargetDependency;
			target = 60F8367B1D0ABEC100DF9CAD /* ScreenshotDemo */;
			targetProxy = 60F836911D0ABEC100DF9CAD /* PBXContainerItemProxy */;
		};
		60F8369D1D0ABEC200DF9CAD /* PBXTargetDependency */ = {
			isa = PBXTargetDependency;
			target = 60F8367B1D0ABEC100DF9CAD /* ScreenshotDemo */;
			targetProxy = 60F8369C1D0ABEC200DF9CAD /* PBXContainerItemProxy */;
		};
/* End PBXTargetDependency section */

/* Begin PBXVariantGroup section */
		60F836831D0ABEC100DF9CAD /* Main.storyboard */ = {
			isa = PBXVariantGroup;
			children = (
				60F836841D0ABEC100DF9CAD /* Base */,
			);
			name = Main.storyboard;
			sourceTree = "<group>";
		};
		60F836881D0ABEC100DF9CAD /* LaunchScreen.storyboard */ = {
			isa = PBXVariantGroup;
			children = (
				60F836891D0ABEC100DF9CAD /* Base */,
			);
			name = LaunchScreen.storyboard;
			sourceTree = "<group>";
		};
/* End PBXVariantGroup section */

/* Begin XCBuildConfiguration section */
		60F836A21D0ABEC200DF9CAD /* Debug */ = {
			isa = XCBuildConfiguration;
			buildSettings = {
				ALWAYS_SEARCH_USER_PATHS = NO;
				CLANG_ANALYZER_NONNULL = YES;
				CLANG_CXX_LANGUAGE_STANDARD = "gnu++0x";
				CLANG_CXX_LIBRARY = "libc++";
				CLANG_ENABLE_MODULES = YES;
				CLANG_ENABLE_OBJC_ARC = YES;
				CLANG_WARN_BOOL_CONVERSION = YES;
				CLANG_WARN_CONSTANT_CONVERSION = YES;
				CLANG_WARN_DIRECT_OBJC_ISA_USAGE = YES_ERROR;
				CLANG_WARN_EMPTY_BODY = YES;
				CLANG_WARN_ENUM_CONVERSION = YES;
				CLANG_WARN_INT_CONVERSION = YES;
				CLANG_WARN_OBJC_ROOT_CLASS = YES_ERROR;
				CLANG_WARN_UNREACHABLE_CODE = YES;
				CLANG_WARN__DUPLICATE_METHOD_MATCH = YES;
				"CODE_SIGN_IDENTITY[sdk=iphoneos*]" = "iPhone Developer";
				COPY_PHASE_STRIP = NO;
				DEBUG_INFORMATION_FORMAT = dwarf;
				ENABLE_STRICT_OBJC_MSGSEND = YES;
				ENABLE_TESTABILITY = YES;
				GCC_C_LANGUAGE_STANDARD = gnu99;
				GCC_DYNAMIC_NO_PIC = NO;
				GCC_NO_COMMON_BLOCKS = YES;
				GCC_OPTIMIZATION_LEVEL = 0;
				GCC_PREPROCESSOR_DEFINITIONS = (
					"DEBUG=1",
					"$(inherited)",
				);
				GCC_WARN_64_TO_32_BIT_CONVERSION = YES;
				GCC_WARN_ABOUT_RETURN_TYPE = YES_ERROR;
				GCC_WARN_UNDECLARED_SELECTOR = YES;
				GCC_WARN_UNINITIALIZED_AUTOS = YES_AGGRESSIVE;
				GCC_WARN_UNUSED_FUNCTION = YES;
				GCC_WARN_UNUSED_VARIABLE = YES;
				IPHONEOS_DEPLOYMENT_TARGET = 9.3;
				MTL_ENABLE_DEBUG_INFO = YES;
				ONLY_ACTIVE_ARCH = YES;
				SDKROOT = iphoneos;
				SWIFT_OPTIMIZATION_LEVEL = "-Onone";
				TARGETED_DEVICE_FAMILY = "1,2";
			};
			name = Debug;
		};
		60F836A31D0ABEC200DF9CAD /* Release */ = {
			isa = XCBuildConfiguration;
			buildSettings = {
				ALWAYS_SEARCH_USER_PATHS = NO;
				CLANG_ANALYZER_NONNULL = YES;
				CLANG_CXX_LANGUAGE_STANDARD = "gnu++0x";
				CLANG_CXX_LIBRARY = "libc++";
				CLANG_ENABLE_MODULES = YES;
				CLANG_ENABLE_OBJC_ARC = YES;
				CLANG_WARN_BOOL_CONVERSION = YES;
				CLANG_WARN_CONSTANT_CONVERSION = YES;
				CLANG_WARN_DIRECT_OBJC_ISA_USAGE = YES_ERROR;
				CLANG_WARN_EMPTY_BODY = YES;
				CLANG_WARN_ENUM_CONVERSION = YES;
				CLANG_WARN_INT_CONVERSION = YES;
				CLANG_WARN_OBJC_ROOT_CLASS = YES_ERROR;
				CLANG_WARN_UNREACHABLE_CODE = YES;
				CLANG_WARN__DUPLICATE_METHOD_MATCH = YES;
				"CODE_SIGN_IDENTITY[sdk=iphoneos*]" = "iPhone Developer";
				COPY_PHASE_STRIP = NO;
				DEBUG_INFORMATION_FORMAT = "dwarf-with-dsym";
				ENABLE_NS_ASSERTIONS = NO;
				ENABLE_STRICT_OBJC_MSGSEND = YES;
				GCC_C_LANGUAGE_STANDARD = gnu99;
				GCC_NO_COMMON_BLOCKS = YES;
				GCC_WARN_64_TO_32_BIT_CONVERSION = YES;
				GCC_WARN_ABOUT_RETURN_TYPE = YES_ERROR;
				GCC_WARN_UNDECLARED_SELECTOR = YES;
				GCC_WARN_UNINITIALIZED_AUTOS = YES_AGGRESSIVE;
				GCC_WARN_UNUSED_FUNCTION = YES;
				GCC_WARN_UNUSED_VARIABLE = YES;
				IPHONEOS_DEPLOYMENT_TARGET = 9.3;
				MTL_ENABLE_DEBUG_INFO = NO;
				SDKROOT = iphoneos;
				TARGETED_DEVICE_FAMILY = "1,2";
				VALIDATE_PRODUCT = YES;
			};
			name = Release;
		};
		60F836A51D0ABEC200DF9CAD /* Debug */ = {
			isa = XCBuildConfiguration;
			buildSettings = {
				ASSETCATALOG_COMPILER_APPICON_NAME = AppIcon;
				INFOPLIST_FILE = ScreenshotDemo/Info.plist;
				LD_RUNPATH_SEARCH_PATHS = "$(inherited) @executable_path/Frameworks";
				PRODUCT_BUNDLE_IDENTIFIER = com.cqut.Andrew554.ScreenshotDemo;
				PRODUCT_NAME = "$(TARGET_NAME)";
			};
			name = Debug;
		};
		60F836A61D0ABEC200DF9CAD /* Release */ = {
			isa = XCBuildConfiguration;
			buildSettings = {
				ASSETCATALOG_COMPILER_APPICON_NAME = AppIcon;
				INFOPLIST_FILE = ScreenshotDemo/Info.plist;
				LD_RUNPATH_SEARCH_PATHS = "$(inherited) @executable_path/Frameworks";
				PRODUCT_BUNDLE_IDENTIFIER = com.cqut.Andrew554.ScreenshotDemo;
				PRODUCT_NAME = "$(TARGET_NAME)";
			};
			name = Release;
		};
		60F836A81D0ABEC200DF9CAD /* Debug */ = {
			isa = XCBuildConfiguration;
			buildSettings = {
				BUNDLE_LOADER = "$(TEST_HOST)";
				INFOPLIST_FILE = ScreenshotDemoTests/Info.plist;
				LD_RUNPATH_SEARCH_PATHS = "$(inherited) @executable_path/Frameworks @loader_path/Frameworks";
				PRODUCT_BUNDLE_IDENTIFIER = com.cqut.Andrew554.ScreenshotDemoTests;
				PRODUCT_NAME = "$(TARGET_NAME)";
				TEST_HOST = "$(BUILT_PRODUCTS_DIR)/ScreenshotDemo.app/ScreenshotDemo";
			};
			name = Debug;
		};
		60F836A91D0ABEC200DF9CAD /* Release */ = {
			isa = XCBuildConfiguration;
			buildSettings = {
				BUNDLE_LOADER = "$(TEST_HOST)";
				INFOPLIST_FILE = ScreenshotDemoTests/Info.plist;
				LD_RUNPATH_SEARCH_PATHS = "$(inherited) @executable_path/Frameworks @loader_path/Frameworks";
				PRODUCT_BUNDLE_IDENTIFIER = com.cqut.Andrew554.ScreenshotDemoTests;
				PRODUCT_NAME = "$(TARGET_NAME)";
				TEST_HOST = "$(BUILT_PRODUCTS_DIR)/ScreenshotDemo.app/ScreenshotDemo";
			};
			name = Release;
		};
		60F836AB1D0ABEC200DF9CAD /* Debug */ = {
			isa = XCBuildConfiguration;
			buildSettings = {
				INFOPLIST_FILE = ScreenshotDemoUITests/Info.plist;
				LD_RUNPATH_SEARCH_PATHS = "$(inherited) @executable_path/Frameworks @loader_path/Frameworks";
				PRODUCT_BUNDLE_IDENTIFIER = com.cqut.Andrew554.ScreenshotDemoUITests;
				PRODUCT_NAME = "$(TARGET_NAME)";
				TEST_TARGET_NAME = ScreenshotDemo;
			};
			name = Debug;
		};
		60F836AC1D0ABEC200DF9CAD /* Release */ = {
			isa = XCBuildConfiguration;
			buildSettings = {
				INFOPLIST_FILE = ScreenshotDemoUITests/Info.plist;
				LD_RUNPATH_SEARCH_PATHS = "$(inherited) @executable_path/Frameworks @loader_path/Frameworks";
				PRODUCT_BUNDLE_IDENTIFIER = com.cqut.Andrew554.ScreenshotDemoUITests;
				PRODUCT_NAME = "$(TARGET_NAME)";
				TEST_TARGET_NAME = ScreenshotDemo;
			};
			name = Release;
		};
/* End XCBuildConfiguration section */

/* Begin XCConfigurationList section */
		60F836771D0ABEC100DF9CAD /* Build configuration list for PBXProject "ScreenshotDemo" */ = {
			isa = XCConfigurationList;
			buildConfigurations = (
				60F836A21D0ABEC200DF9CAD /* Debug */,
				60F836A31D0ABEC200DF9CAD /* Release */,
			);
			defaultConfigurationIsVisible = 0;
			defaultConfigurationName = Release;
		};
		60F836A41D0ABEC200DF9CAD /* Build configuration list for PBXNativeTarget "ScreenshotDemo" */ = {
			isa = XCConfigurationList;
			buildConfigurations = (
				60F836A51D0ABEC200DF9CAD /* Debug */,
				60F836A61D0ABEC200DF9CAD /* Release */,
			);
			defaultConfigurationIsVisible = 0;
		};
		60F836A71D0ABEC200DF9CAD /* Build configuration list for PBXNativeTarget "ScreenshotDemoTests" */ = {
			isa = XCConfigurationList;
			buildConfigurations = (
				60F836A81D0ABEC200DF9CAD /* Debug */,
				60F836A91D0ABEC200DF9CAD /* Release */,
			);
			defaultConfigurationIsVisible = 0;
		};
		60F836AA1D0ABEC200DF9CAD /* Build configuration list for PBXNativeTarget "ScreenshotDemoUITests" */ = {
			isa = XCConfigurationList;
			buildConfigurations = (
				60F836AB1D0ABEC200DF9CAD /* Debug */,
				60F836AC1D0ABEC200DF9CAD /* Release */,
			);
			defaultConfigurationIsVisible = 0;
		};
/* End XCConfigurationList section */
	};
	rootObject = 60F836741D0ABEC100DF9CAD /* Project object */;
}
